
Microsoft Visual Studio Solution File, Format Version 12.00
# Visual Studio Version 16
VisualStudioVersion = 16.0.31624.102
MinimumVisualStudioVersion = 10.0.40219.1
Project("{FAE04EC0-301F-11D3-BF4B-00C04F79EFBC}") = "SystemInfo", "SystemInfo.csproj", "{49D373FE-9545-4CEE-A115-1E3C6044703A}"
EndProject
Global
	GlobalSection(SolutionConfigurationPlatforms) = preSolution
		Debug|Any CPU = Debug|Any CPU
		Debug|x64 = Debug|x64
		Release|Any CPU = Release|Any CPU
		Release|x64 = Release|x64
	EndGlobalSection
	GlobalSection(ProjectConfigurationPlatforms) = postSolution
		{49D373FE-9545-4CEE-A115-1E3C6044703A}.Debug|Any CPU.ActiveCfg = Debug|Any CPU
		{49D373FE-9545-4CEE-A115-1E3C6044703A}.Debug|Any CPU.Build.0 = Debug|Any CPU
		{49D373FE-9545-4CEE-A115-1E3C6044703A}.Debug|x64.ActiveCfg = Debug|x64
		{49D373FE-9545-4CEE-A115-1E3C6044703A}.Debug|x64.Build.0 = Debug|x64
		{49D373FE-9545-4CEE-A115-1E3C6044703A}.Release|Any CPU.ActiveCfg = Release|Any CPU
		{49D373FE-9545-4CEE-A115-1E3C6044703A}.Release|Any CPU.Build.0 = Release|Any CPU
		{49D373FE-9545-4CEE-A115-1E3C6044703A}.Release|x64.ActiveCfg = Release|x64
		{49D373FE-9545-4CEE-A115-1E3C6044703A}.Release|x64.Build.0 = Release|x64
	EndGlobalSection
	GlobalSection(SolutionProperties) = preSolution
		HideSolutionNode = FALSE
	EndGlobalSection
	GlobalSection(ExtensibilityGlobals) = postSolution
		SolutionGuid = {3CB7EBF8-9A52-4C0D-8961-B9B6B62FB5B1}
	EndGlobalSection
EndGlobal
