
Microsoft Visual Studio Solution File, Format Version 12.00
# Visual Studio Version 16
VisualStudioVersion = 16.0.31624.102
MinimumVisualStudioVersion = 10.0.40219.1
Project("{FAE04EC0-301F-11D3-BF4B-00C04F79EFBC}") = "7.3.Rational", "7.3.Rational.csproj", "{1A621EB8-5E4E-4AF9-B5CA-F93E4D1A7402}"
EndProject
Global
	GlobalSection(SolutionConfigurationPlatforms) = preSolution
		Debug|Any CPU = Debug|Any CPU
		Release|Any CPU = Release|Any CPU
	EndGlobalSection
	GlobalSection(ProjectConfigurationPlatforms) = postSolution
		{1A621EB8-5E4E-4AF9-B5CA-F93E4D1A7402}.Debug|Any CPU.ActiveCfg = Debug|Any CPU
		{1A621EB8-5E4E-4AF9-B5CA-F93E4D1A7402}.Debug|Any CPU.Build.0 = Debug|Any CPU
		{1A621EB8-5E4E-4AF9-B5CA-F93E4D1A7402}.Release|Any CPU.ActiveCfg = Release|Any CPU
		{1A621EB8-5E4E-4AF9-B5CA-F93E4D1A7402}.Release|Any CPU.Build.0 = Release|Any CPU
	EndGlobalSection
	GlobalSection(SolutionProperties) = preSolution
		HideSolutionNode = FALSE
	EndGlobalSection
	GlobalSection(ExtensibilityGlobals) = postSolution
		SolutionGuid = {604C2129-65E9-456A-8825-0E93A8D48F20}
	EndGlobalSection
EndGlobal
