
Microsoft Visual Studio Solution File, Format Version 12.00
# Visual Studio Version 16
VisualStudioVersion = 16.0.31624.102
MinimumVisualStudioVersion = 10.0.40219.1
Project("{FAE04EC0-301F-11D3-BF4B-00C04F79EFBC}") = "2.Virtual", "2.Virtual.csproj", "{BACBA074-4D99-4255-8B23-9AD590BAE955}"
EndProject
Global
	GlobalSection(SolutionConfigurationPlatforms) = preSolution
		Debug|Any CPU = Debug|Any CPU
		Release|Any CPU = Release|Any CPU
	EndGlobalSection
	GlobalSection(ProjectConfigurationPlatforms) = postSolution
		{BACBA074-4D99-4255-8B23-9AD590BAE955}.Debug|Any CPU.ActiveCfg = Debug|Any CPU
		{BACBA074-4D99-4255-8B23-9AD590BAE955}.Debug|Any CPU.Build.0 = Debug|Any CPU
		{BACBA074-4D99-4255-8B23-9AD590BAE955}.Release|Any CPU.ActiveCfg = Release|Any CPU
		{BACBA074-4D99-4255-8B23-9AD590BAE955}.Release|Any CPU.Build.0 = Release|Any CPU
	EndGlobalSection
	GlobalSection(SolutionProperties) = preSolution
		HideSolutionNode = FALSE
	EndGlobalSection
	GlobalSection(ExtensibilityGlobals) = postSolution
		SolutionGuid = {18E43A9E-F6A5-4456-A9FB-5C9C56B33EB8}
	EndGlobalSection
EndGlobal
