
Microsoft Visual Studio Solution File, Format Version 12.00
# Visual Studio Version 16
VisualStudioVersion = 16.0.31624.102
MinimumVisualStudioVersion = 10.0.40219.1
Project("{FAE04EC0-301F-11D3-BF4B-00C04F79EFBC}") = "7.5.HugeInteger", "7.5.HugeInteger.csproj", "{CA1E8677-2659-4969-B0B2-ABC8308F23D0}"
EndProject
Global
	GlobalSection(SolutionConfigurationPlatforms) = preSolution
		Debug|Any CPU = Debug|Any CPU
		Release|Any CPU = Release|Any CPU
	EndGlobalSection
	GlobalSection(ProjectConfigurationPlatforms) = postSolution
		{CA1E8677-2659-4969-B0B2-ABC8308F23D0}.Debug|Any CPU.ActiveCfg = Debug|Any CPU
		{CA1E8677-2659-4969-B0B2-ABC8308F23D0}.Debug|Any CPU.Build.0 = Debug|Any CPU
		{CA1E8677-2659-4969-B0B2-ABC8308F23D0}.Release|Any CPU.ActiveCfg = Release|Any CPU
		{CA1E8677-2659-4969-B0B2-ABC8308F23D0}.Release|Any CPU.Build.0 = Release|Any CPU
	EndGlobalSection
	GlobalSection(SolutionProperties) = preSolution
		HideSolutionNode = FALSE
	EndGlobalSection
	GlobalSection(ExtensibilityGlobals) = postSolution
		SolutionGuid = {EBD4E0E1-7285-4932-A817-956CB5A50BC8}
	EndGlobalSection
EndGlobal
