
Microsoft Visual Studio Solution File, Format Version 12.00
# Visual Studio Version 16
VisualStudioVersion = 16.0.31624.102
MinimumVisualStudioVersion = 10.0.40219.1
Project("{FAE04EC0-301F-11D3-BF4B-00C04F79EFBC}") = "lr6", "lr6.csproj", "{B8BF708E-447F-45D7-B94B-5FCC6DC925C6}"
EndProject
Global
	GlobalSection(SolutionConfigurationPlatforms) = preSolution
		Debug|Any CPU = Debug|Any CPU
		Release|Any CPU = Release|Any CPU
	EndGlobalSection
	GlobalSection(ProjectConfigurationPlatforms) = postSolution
		{B8BF708E-447F-45D7-B94B-5FCC6DC925C6}.Debug|Any CPU.ActiveCfg = Debug|Any CPU
		{B8BF708E-447F-45D7-B94B-5FCC6DC925C6}.Debug|Any CPU.Build.0 = Debug|Any CPU
		{B8BF708E-447F-45D7-B94B-5FCC6DC925C6}.Release|Any CPU.ActiveCfg = Release|Any CPU
		{B8BF708E-447F-45D7-B94B-5FCC6DC925C6}.Release|Any CPU.Build.0 = Release|Any CPU
	EndGlobalSection
	GlobalSection(SolutionProperties) = preSolution
		HideSolutionNode = FALSE
	EndGlobalSection
	GlobalSection(ExtensibilityGlobals) = postSolution
		SolutionGuid = {66A2E63A-6FAB-40CB-80A0-3ADA7FF50207}
	EndGlobalSection
EndGlobal
